// !$*UTF8*$!
{
	archiveVersion = 1;
	classes = {
	};
	objectVersion = 46;
	objects = {

/* Begin PBXBuildFile section */
		F19F36741CDD467600DA49B2 /* AppDelegate.swift in Sources */ = {isa = PBXBuildFile; fileRef = F19F36731CDD467600DA49B2 /* AppDelegate.swift */; };
		F19F36761CDD467600DA49B2 /* ViewController.swift in Sources */ = {isa = PBXBuildFile; fileRef = F19F36751CDD467600DA49B2 /* ViewController.swift */; };
		F19F36791CDD467600DA49B2 /* Main.storyboard in Resources */ = {isa = PBXBuildFile; fileRef = F19F36771CDD467600DA49B2 /* Main.storyboard */; };
		F19F367B1CDD467600DA49B2 /* Assets.xcassets in Resources */ = {isa = PBXBuildFile; fileRef = F19F367A1CDD467600DA49B2 /* Assets.xcassets */; };
		F19F367E1CDD467600DA49B2 /* LaunchScreen.storyboard in Resources */ = {isa = PBXBuildFile; fileRef = F19F367C1CDD467600DA49B2 /* LaunchScreen.storyboard */; };
/* End PBXBuildFile section */

/* Begin PBXFileReference section */
		F19F36701CDD467600DA49B2 /* Animaciones.app */ = {isa = PBXFileReference; explicitFileType = wrapper.application; includeInIndex = 0; path = Animaciones.app; sourceTree = BUILT_PRODUCTS_DIR; };
		F19F36731CDD467600DA49B2 /* AppDelegate.swift */ = {isa = PBXFileReference; lastKnownFileType = sourcecode.swift; path = AppDelegate.swift; sourceTree = "<group>"; };
		F19F36751CDD467600DA49B2 /* ViewController.swift */ = {isa = PBXFileReference; lastKnownFileType = sourcecode.swift; path = ViewController.swift; sourceTree = "<group>"; };
		F19F36781CDD467600DA49B2 /* Base */ = {isa = PBXFileReference; lastKnownFileType = file.storyboard; name = Base; path = Base.lproj/Main.storyboard; sourceTree = "<group>"; };
		F19F367A1CDD467600DA49B2 /* Assets.xcassets */ = {isa = PBXFileReference; lastKnownFileType = folder.assetcatalog; path = Assets.xcassets; sourceTree = "<group>"; };
		F19F367D1CDD467600DA49B2 /* Base */ = {isa = PBXFileReference; lastKnownFileType = file.storyboard; name = Base; path = Base.lproj/LaunchScreen.storyboard; sourceTree = "<group>"; };
		F19F367F1CDD467600DA49B2 /* Info.plist */ = {isa = PBXFileReference; lastKnownFileType = text.plist.xml; path = Info.plist; sourceTree = "<group>"; };
/* End PBXFileReference section */

/* Begin PBXFrameworksBuildPhase section */
		F19F366D1CDD467600DA49B2 /* Frameworks */ = {
			isa = PBXFrameworksBuildPhase;
			buildActionMask = 2147483647;
			files = (
			);
			runOnlyForDeploymentPostprocessing = 0;
		};
/* End PBXFrameworksBuildPhase section */

/* Begin PBXGroup section */
		F19F36671CDD467500DA49B2 = {
			isa = PBXGroup;
			children = (
				F19F36721CDD467600DA49B2 /* Animaciones */,
				F19F36711CDD467600DA49B2 /* Products */,
			);
			sourceTree = "<group>";
		};
		F19F36711CDD467600DA49B2 /* Products */ = {
			isa = PBXGroup;
			children = (
				F19F36701CDD467600DA49B2 /* Animaciones.app */,
			);
			name = Products;
			sourceTree = "<group>";
		};
		F19F36721CDD467600DA49B2 /* Animaciones */ = {
			isa = PBXGroup;
			children = (
				F19F36731CDD467600DA49B2 /* AppDelegate.swift */,
				F19F36751CDD467600DA49B2 /* ViewController.swift */,
				F19F36771CDD467600DA49B2 /* Main.storyboard */,
				F19F367A1CDD467600DA49B2 /* Assets.xcassets */,
				F19F367C1CDD467600DA49B2 /* LaunchScreen.storyboard */,
				F19F367F1CDD467600DA49B2 /* Info.plist */,
			);
			path = Animaciones;
			sourceTree = "<group>";
		};
/* End PBXGroup section */

/* Begin PBXNativeTarget section */
		F19F366F1CDD467600DA49B2 /* Animaciones */ = {
			isa = PBXNativeTarget;
			buildConfigurationList = F19F36821CDD467600DA49B2 /* Build configuration list for PBXNativeTarget "Animaciones" */;
			buildPhases = (
				F19F366C1CDD467600DA49B2 /* Sources */,
				F19F366D1CDD467600DA49B2 /* Frameworks */,
				F19F366E1CDD467600DA49B2 /* Resources */,
			);
			buildRules = (
			);
			dependencies = (
			);
			name = Animaciones;
			productName = Animaciones;
			productReference = F19F36701CDD467600DA49B2 /* Animaciones.app */;
			productType = "com.apple.product-type.application";
		};
/* End PBXNativeTarget section */

/* Begin PBXProject section */
		F19F36681CDD467500DA49B2 /* Project object */ = {
			isa = PBXProject;
			attributes = {
				LastSwiftUpdateCheck = 0730;
				LastUpgradeCheck = 0730;
				ORGANIZATIONNAME = "Universidad Catolica";
				TargetAttributes = {
					F19F366F1CDD467600DA49B2 = {
						CreatedOnToolsVersion = 7.3;
					};
				};
			};
			buildConfigurationList = F19F366B1CDD467500DA49B2 /* Build configuration list for PBXProject "Animaciones" */;
			compatibilityVersion = "Xcode 3.2";
			developmentRegion = English;
			hasScannedForEncodings = 0;
			knownRegions = (
				en,
				Base,
			);
			mainGroup = F19F36671CDD467500DA49B2;
			productRefGroup = F19F36711CDD467600DA49B2 /* Products */;
			projectDirPath = "";
			projectRoot = "";
			targets = (
				F19F366F1CDD467600DA49B2 /* Animaciones */,
			);
		};
/* End PBXProject section */

/* Begin PBXResourcesBuildPhase section */
		F19F366E1CDD467600DA49B2 /* Resources */ = {
			isa = PBXResourcesBuildPhase;
			buildActionMask = 2147483647;
			files = (
				F19F367E1CDD467600DA49B2 /* LaunchScreen.storyboard in Resources */,
				F19F367B1CDD467600DA49B2 /* Assets.xcassets in Resources */,
				F19F36791CDD467600DA49B2 /* Main.storyboard in Resources */,
			);
			runOnlyForDeploymentPostprocessing = 0;
		};
/* End PBXResourcesBuildPhase section */

/* Begin PBXSourcesBuildPhase section */
		F19F366C1CDD467600DA49B2 /* Sources */ = {
			isa = PBXSourcesBuildPhase;
			buildActionMask = 2147483647;
			files = (
				F19F36761CDD467600DA49B2 /* ViewController.swift in Sources */,
				F19F36741CDD467600DA49B2 /* AppDelegate.swift in Sources */,
			);
			runOnlyForDeploymentPostprocessing = 0;
		};
/* End PBXSourcesBuildPhase section */

/* Begin PBXVariantGroup section */
		F19F36771CDD467600DA49B2 /* Main.storyboard */ = {
			isa = PBXVariantGroup;
			children = (
				F19F36781CDD467600DA49B2 /* Base */,
			);
			name = Main.storyboard;
			sourceTree = "<group>";
		};
		F19F367C1CDD467600DA49B2 /* LaunchScreen.storyboard */ = {
			isa = PBXVariantGroup;
			children = (
				F19F367D1CDD467600DA49B2 /* Base */,
			);
			name = LaunchScreen.storyboard;
			sourceTree = "<group>";
		};
/* End PBXVariantGroup section */

/* Begin XCBuildConfiguration section */
		F19F36801CDD467600DA49B2 /* Debug */ = {
			isa = XCBuildConfiguration;
			buildSettings = {
				ALWAYS_SEARCH_USER_PATHS = NO;
				CLANG_ANALYZER_NONNULL = YES;
				CLANG_CXX_LANGUAGE_STANDARD = "gnu++0x";
				CLANG_CXX_LIBRARY = "libc++";
				CLANG_ENABLE_MODULES = YES;
				CLANG_ENABLE_OBJC_ARC = YES;
				CLANG_WARN_BOOL_CONVERSION = YES;
				CLANG_WARN_CONSTANT_CONVERSION = YES;
				CLANG_WARN_DIRECT_OBJC_ISA_USAGE = YES_ERROR;
				CLANG_WARN_EMPTY_BODY = YES;
				CLANG_WARN_ENUM_CONVERSION = YES;
				CLANG_WARN_INT_CONVERSION = YES;
				CLANG_WARN_OBJC_ROOT_CLASS = YES_ERROR;
				CLANG_WARN_UNREACHABLE_CODE = YES;
				CLANG_WARN__DUPLICATE_METHOD_MATCH = YES;
				"CODE_SIGN_IDENTITY[sdk=iphoneos*]" = "iPhone Developer";
				COPY_PHASE_STRIP = NO;
				DEBUG_INFORMATION_FORMAT = dwarf;
				ENABLE_STRICT_OBJC_MSGSEND = YES;
				ENABLE_TESTABILITY = YES;
				GCC_C_LANGUAGE_STANDARD = gnu99;
				GCC_DYNAMIC_NO_PIC = NO;
				GCC_NO_COMMON_BLOCKS = YES;
				GCC_OPTIMIZATION_LEVEL = 0;
				GCC_PREPROCESSOR_DEFINITIONS = (
					"DEBUG=1",
					"$(inherited)",
				);
				GCC_WARN_64_TO_32_BIT_CONVERSION = YES;
				GCC_WARN_ABOUT_RETURN_TYPE = YES_ERROR;
				GCC_WARN_UNDECLARED_SELECTOR = YES;
				GCC_WARN_UNINITIALIZED_AUTOS = YES_AGGRESSIVE;
				GCC_WARN_UNUSED_FUNCTION = YES;
				GCC_WARN_UNUSED_VARIABLE = YES;
				IPHONEOS_DEPLOYMENT_TARGET = 9.3;
				MTL_ENABLE_DEBUG_INFO = YES;
				ONLY_ACTIVE_ARCH = YES;
				SDKROOT = iphoneos;
				SWIFT_OPTIMIZATION_LEVEL = "-Onone";
				TARGETED_DEVICE_FAMILY = "1,2";
			};
			name = Debug;
		};
		F19F36811CDD467600DA49B2 /* Release */ = {
			isa = XCBuildConfiguration;
			buildSettings = {
				ALWAYS_SEARCH_USER_PATHS = NO;
				CLANG_ANALYZER_NONNULL = YES;
				CLANG_CXX_LANGUAGE_STANDARD = "gnu++0x";
				CLANG_CXX_LIBRARY = "libc++";
				CLANG_ENABLE_MODULES = YES;
				CLANG_ENABLE_OBJC_ARC = YES;
				CLANG_WARN_BOOL_CONVERSION = YES;
				CLANG_WARN_CONSTANT_CONVERSION = YES;
				CLANG_WARN_DIRECT_OBJC_ISA_USAGE = YES_ERROR;
				CLANG_WARN_EMPTY_BODY = YES;
				CLANG_WARN_ENUM_CONVERSION = YES;
				CLANG_WARN_INT_CONVERSION = YES;
				CLANG_WARN_OBJC_ROOT_CLASS = YES_ERROR;
				CLANG_WARN_UNREACHABLE_CODE = YES;
				CLANG_WARN__DUPLICATE_METHOD_MATCH = YES;
				"CODE_SIGN_IDENTITY[sdk=iphoneos*]" = "iPhone Developer";
				COPY_PHASE_STRIP = NO;
				DEBUG_INFORMATION_FORMAT = "dwarf-with-dsym";
				ENABLE_NS_ASSERTIONS = NO;
				ENABLE_STRICT_OBJC_MSGSEND = YES;
				GCC_C_LANGUAGE_STANDARD = gnu99;
				GCC_NO_COMMON_BLOCKS = YES;
				GCC_WARN_64_TO_32_BIT_CONVERSION = YES;
				GCC_WARN_ABOUT_RETURN_TYPE = YES_ERROR;
				GCC_WARN_UNDECLARED_SELECTOR = YES;
				GCC_WARN_UNINITIALIZED_AUTOS = YES_AGGRESSIVE;
				GCC_WARN_UNUSED_FUNCTION = YES;
				GCC_WARN_UNUSED_VARIABLE = YES;
				IPHONEOS_DEPLOYMENT_TARGET = 9.3;
				MTL_ENABLE_DEBUG_INFO = NO;
				SDKROOT = iphoneos;
				TARGETED_DEVICE_FAMILY = "1,2";
				VALIDATE_PRODUCT = YES;
			};
			name = Release;
		};
		F19F36831CDD467600DA49B2 /* Debug */ = {
			isa = XCBuildConfiguration;
			buildSettings = {
				ASSETCATALOG_COMPILER_APPICON_NAME = AppIcon;
				INFOPLIST_FILE = Animaciones/Info.plist;
				IPHONEOS_DEPLOYMENT_TARGET = 8.0;
				LD_RUNPATH_SEARCH_PATHS = "$(inherited) @executable_path/Frameworks";
				PRODUCT_BUNDLE_IDENTIFIER = com.ucu.Animaciones;
				PRODUCT_NAME = "$(TARGET_NAME)";
			};
			name = Debug;
		};
		F19F36841CDD467600DA49B2 /* Release */ = {
			isa = XCBuildConfiguration;
			buildSettings = {
				ASSETCATALOG_COMPILER_APPICON_NAME = AppIcon;
				INFOPLIST_FILE = Animaciones/Info.plist;
				IPHONEOS_DEPLOYMENT_TARGET = 8.0;
				LD_RUNPATH_SEARCH_PATHS = "$(inherited) @executable_path/Frameworks";
				PRODUCT_BUNDLE_IDENTIFIER = com.ucu.Animaciones;
				PRODUCT_NAME = "$(TARGET_NAME)";
			};
			name = Release;
		};
/* End XCBuildConfiguration section */

/* Begin XCConfigurationList section */
		F19F366B1CDD467500DA49B2 /* Build configuration list for PBXProject "Animaciones" */ = {
			isa = XCConfigurationList;
			buildConfigurations = (
				F19F36801CDD467600DA49B2 /* Debug */,
				F19F36811CDD467600DA49B2 /* Release */,
			);
			defaultConfigurationIsVisible = 0;
			defaultConfigurationName = Release;
		};
		F19F36821CDD467600DA49B2 /* Build configuration list for PBXNativeTarget "Animaciones" */ = {
			isa = XCConfigurationList;
			buildConfigurations = (
				F19F36831CDD467600DA49B2 /* Debug */,
				F19F36841CDD467600DA49B2 /* Release */,
			);
			defaultConfigurationIsVisible = 0;
		};
/* End XCConfigurationList section */
	};
	rootObject = F19F36681CDD467500DA49B2 /* Project object */;
}
